
Microsoft Visual Studio Solution File, Format Version 12.00
# Visual Studio Version 17
VisualStudioVersion = 17.9.34607.119
MinimumVisualStudioVersion = 10.0.40219.1
Project("{FAE04EC0-301F-11D3-BF4B-00C04F79EFBC}") = "C#TurnBased", "C#TurnBased\C#TurnBased.csproj", "{B89DF902-3EB8-46D6-9BDB-528B3D57DF0E}"
EndProject
Global
	GlobalSection(SolutionConfigurationPlatforms) = preSolution
		Debug|Any CPU = Debug|Any CPU
		Release|Any CPU = Release|Any CPU
	EndGlobalSection
	GlobalSection(ProjectConfigurationPlatforms) = postSolution
		{B89DF902-3EB8-46D6-9BDB-528B3D57DF0E}.Debug|Any CPU.ActiveCfg = Debug|Any CPU
		{B89DF902-3EB8-46D6-9BDB-528B3D57DF0E}.Debug|Any CPU.Build.0 = Debug|Any CPU
		{B89DF902-3EB8-46D6-9BDB-528B3D57DF0E}.Release|Any CPU.ActiveCfg = Release|Any CPU
		{B89DF902-3EB8-46D6-9BDB-528B3D57DF0E}.Release|Any CPU.Build.0 = Release|Any CPU
	EndGlobalSection
	GlobalSection(SolutionProperties) = preSolution
		HideSolutionNode = FALSE
	EndGlobalSection
	GlobalSection(ExtensibilityGlobals) = postSolution
		SolutionGuid = {42996430-FE49-4407-9054-5FE308F1160C}
	EndGlobalSection
EndGlobal
